#MicroXplorer Configuration settings - do not modify
Mcu.Family=STM32L4
RCC.MSI_VALUE=4000000
SH.GPXTI1.0=GPIO_EXTI1
ProjectManager.MainLocation=Src
NVIC.EXTI4_IRQn=true\:0\:0\:false\:false\:true\:true\:true
RCC.PLLQoutputFreq_Value=16000000
ProjectManager.ProjectFileName=silver-button.ioc
RCC.SAI1Freq_Value=16000000
ProjectManager.KeepUserCode=true
Mcu.UserName=STM32L4S5VITx
Mcu.PinsNb=10
ProjectManager.NoMain=false
SH.GPXTI14.0=GPIO_EXTI14
PB14.GPIO_Label=LED2
RCC.PLLSAI1RoutputFreq_Value=16000000
PA3.GPIO_PuPd=GPIO_NOPULL
PA0.GPIO_Label=BTN_1
ProjectManager.functionlistsort=1-MX_GPIO_Init-GPIO-false-HAL-true,2-SystemClock_Config-RCC-false-HAL-false,3-MX_USART1_UART_Init-USART1-false-HAL-true
NVIC.EXTI3_IRQn=true\:0\:0\:false\:false\:true\:true\:true
SH.GPXTI0.ConfNb=1
RCC.PLLSAI2QoutputFreq_Value=16000000
PA3.GPIOParameters=GPIO_PuPd,GPIO_Label,GPIO_ModeDefaultEXTI
ProjectManager.DefaultFWLocation=true
ProjectManager.DeletePrevious=true
USART1.IPParameters=VirtualMode-Asynchronous
PB14.Locked=true
RCC.VCOSAI2OutputFreq_Value=32000000
PinOutPanel.RotationAngle=0
RCC.FamilyName=M
ProjectManager.StackSize=0x400
SH.GPXTI2.0=GPIO_EXTI2
PA3.GPIO_ModeDefaultEXTI=GPIO_MODE_IT_RISING
RCC.VCOInput3Freq_Value=4000000
USART1.VirtualMode-Asynchronous=VM_ASYNC
PB2.GPIO_ModeDefaultEXTI=GPIO_MODE_IT_RISING
NVIC.SVCall_IRQn=true\:0\:0\:false\:false\:true\:false\:false
Mcu.IP2=SYS
Mcu.IP3=USART1
Mcu.IP0=NVIC
PB4\ (NJTRST).GPIOParameters=GPIO_PuPd,GPIO_Label,GPIO_ModeDefaultEXTI
NVIC.EXTI1_IRQn=true\:0\:0\:false\:false\:true\:true\:true
Mcu.IP1=RCC
SH.GPXTI3.ConfNb=1
SH.GPXTI2.ConfNb=1
Mcu.UserConstants=
RCC.VCOSAI1OutputFreq_Value=32000000
ProjectManager.TargetToolchain=STM32CubeIDE
RCC.LCDTFTFreq_Value=8000000
PB4\ (NJTRST).GPIO_ModeDefaultEXTI=GPIO_MODE_IT_RISING
Mcu.ThirdPartyNb=0
Mcu.IPNb=4
ProjectManager.PreviousToolchain=STM32CubeIDE
PB2.GPIOParameters=GPIO_PuPd,GPIO_Label,GPIO_ModeDefaultEXTI
PB6.Signal=USART1_TX
PB6.Mode=Asynchronous
Mcu.Pin6=PB4 (NJTRST)
RCC.SAI2Freq_Value=16000000
Mcu.Pin7=PB6
ProjectManager.RegisterCallBack=
Mcu.Pin8=PB7
Mcu.Pin9=VP_SYS_VS_Systick
RCC.LSE_VALUE=32768
PA1.GPIO_PuPd=GPIO_NOPULL
PA1.Signal=GPXTI1
RCC.PLLSAI1PoutputFreq_Value=16000000
Mcu.Pin0=PA0
Mcu.Pin1=PA1
GPIO.groupedBy=Group By Peripherals
Mcu.Pin2=PA3
Mcu.Pin3=PB2
Mcu.Pin4=PB14
NVIC.EXTI15_10_IRQn=true\:0\:0\:false\:false\:true\:true\:true
PB14.Signal=GPIO_Output
Mcu.Pin5=PD14
RCC.PLLSAI2RoutputFreq_Value=16000000
ProjectManager.ProjectBuild=false
RCC.HSE_VALUE=8000000
NVIC.UsageFault_IRQn=true\:0\:0\:false\:false\:true\:false\:false
PA0.Locked=true
NVIC.DebugMonitor_IRQn=true\:0\:0\:false\:false\:true\:false\:false
PB2.Signal=GPXTI2
board=custom
SH.GPXTI3.0=GPIO_EXTI3
RCC.VCOOutputFreq_Value=32000000
NVIC.SysTick_IRQn=true\:0\:0\:false\:false\:true\:false\:true
ProjectManager.LastFirmware=true
ProjectManager.FirmwarePackage=STM32Cube FW_L4 V1.16.0
MxDb.Version=DB.6.0.10
PA1.GPIOParameters=GPIO_PuPd,GPIO_Label,GPIO_ModeDefaultEXTI
ProjectManager.BackupPrevious=false
MxCube.Version=6.1.1
RCC.VCOInputFreq_Value=4000000
PA0.GPIO_ModeDefaultEXTI=GPIO_MODE_IT_RISING
RCC.PLLSAI1QoutputFreq_Value=16000000
File.Version=6
PA1.GPIO_Label=BTN_0
VP_SYS_VS_Systick.Mode=SysTick
PB7.Signal=USART1_RX
PD14.GPIO_PuPd=GPIO_NOPULL
NVIC.NonMaskableInt_IRQn=true\:0\:0\:false\:false\:true\:false\:false
RCC.PLLRCLKFreq_Value=16000000
PD14.GPIO_Label=BTN_2
PB6.Locked=true
NVIC.PendSV_IRQn=true\:0\:0\:false\:false\:true\:false\:false
ProjectManager.FreePins=false
RCC.IPParameters=CRSFreq_Value,FamilyName,HSE_VALUE,HSI48_VALUE,HSI_VALUE,LCDTFTFreq_Value,LSCOPinFreq_Value,LSE_VALUE,LSI_VALUE,MSI_VALUE,PLLPoutputFreq_Value,PLLQoutputFreq_Value,PLLRCLKFreq_Value,PLLSAI1PoutputFreq_Value,PLLSAI1QoutputFreq_Value,PLLSAI1RoutputFreq_Value,PLLSAI2PoutputFreq_Value,PLLSAI2QoutputFreq_Value,PLLSAI2RoutputFreq_Value,SAI1Freq_Value,SAI2Freq_Value,VCOInput2Freq_Value,VCOInput3Freq_Value,VCOInputFreq_Value,VCOOutputFreq_Value,VCOSAI1OutputFreq_Value,VCOSAI2OutputFreq_Value
ProjectManager.AskForMigrate=true
Mcu.Name=STM32L4S5VITx
ProjectManager.HalAssertFull=false
PB2.GPIO_PuPd=GPIO_NOPULL
RCC.CRSFreq_Value=48000000
ProjectManager.ProjectName=silver-button
ProjectManager.UnderRoot=true
PA0.Signal=GPXTI0
PB2.Locked=true
PD14.Signal=GPXTI14
ProjectManager.CoupleFile=false
PB4\ (NJTRST).Locked=true
NVIC.EXTI0_IRQn=true\:0\:0\:false\:false\:true\:true\:true
PD14.GPIOParameters=GPIO_PuPd,GPIO_Label,GPIO_ModeDefaultEXTI
Mcu.Package=LQFP100
PB14.GPIO_PuPd=GPIO_NOPULL
PA1.Locked=true
PA3.Locked=true
SH.GPXTI4.0=GPIO_EXTI4
NVIC.ForceEnableDMAVector=true
RCC.PLLSAI2PoutputFreq_Value=16000000
KeepUserPlacement=false
NVIC.MemoryManagement_IRQn=true\:0\:0\:false\:false\:true\:false\:false
ProjectManager.CompilerOptimize=6
PA0.GPIO_PuPd=GPIO_NOPULL
ProjectManager.ToolChainLocation=
PD14.Locked=true
RCC.LSI_VALUE=32000
VP_SYS_VS_Systick.Signal=SYS_VS_Systick
PB7.Mode=Asynchronous
SH.GPXTI0.0=GPIO_EXTI0
RCC.LSCOPinFreq_Value=32000
PB2.GPIO_Label=BTN_3
ProjectManager.HeapSize=0x200
PA0.GPIOParameters=GPIO_PuPd,GPIO_Label,GPIO_ModeDefaultEXTI
NVIC.HardFault_IRQn=true\:0\:0\:false\:false\:true\:false\:false
SH.GPXTI4.ConfNb=1
PB14.GPIOParameters=GPIO_PuPd,GPIO_Label
ProjectManager.ComputerToolchain=false
RCC.HSI_VALUE=16000000
SH.GPXTI14.ConfNb=1
NVIC.PriorityGroup=NVIC_PRIORITYGROUP_4
NVIC.EXTI2_IRQn=true\:0\:0\:false\:false\:true\:true\:true
PD14.GPIO_ModeDefaultEXTI=GPIO_MODE_IT_RISING
RCC.PLLPoutputFreq_Value=16000000
PB7.Locked=true
NVIC.BusFault_IRQn=true\:0\:0\:false\:false\:true\:false\:false
PB4\ (NJTRST).GPIO_Label=BTN_5
SH.GPXTI1.ConfNb=1
RCC.VCOInput2Freq_Value=4000000
PA1.GPIO_ModeDefaultEXTI=GPIO_MODE_IT_RISING
PB4\ (NJTRST).GPIO_PuPd=GPIO_NOPULL
ProjectManager.CustomerFirmwarePackage=
ProjectManager.DeviceId=STM32L4S5VITx
ProjectManager.LibraryCopy=1
RCC.HSI48_VALUE=48000000
PA3.GPIO_Label=BTN_4
PA3.Signal=GPXTI3
PB4\ (NJTRST).Signal=GPXTI4
